{
    "_readme": [
        "This file locks the dependencies of your project to a known state",
        "Read more about it at https://getcomposer.org/doc/01-basic-usage.md#composer-lock-the-lock-file",
        "This file is @generated automatically"
    ],
    "hash": "847455e2f88ce76c0a42b54fbe2733ee",
    "content-hash": "9b6db32315191ca3ea278486877e14e3",
    "packages": [
        {
            "name": "alvarotrigo/fullPage.js",
            "version": "2.8.2",
            "source": {
                "type": "git",
                "url": "https://github.com/alvarotrigo/fullPage.js",
                "reference": "master"
            },
            "type": "library"
        },
        {
            "name": "cameronmcefee/plax",
            "version": "dev",
            "source": {
                "type": "git",
                "url": "https://github.com/cameronmcefee/plax",
                "reference": "master"
            },
            "type": "library",
            "time": "2015-07-09 04:11:37"
        }
    ],
    "packages-dev": [],
    "aliases": [],
    "minimum-stability": "stable",
    "stability-flags": {
        "cameronmcefee/plax": 20
    },
    "prefer-stable": false,
    "prefer-lowest": false,
    "platform": [],
    "platform-dev": []
}
