{
    "_readme": [
        "This file locks the dependencies of your project to a known state",
        "Read more about it at https://getcomposer.org/doc/01-basic-usage.md#composer-lock-the-lock-file",
        "This file is @generated automatically"
    ],
    "hash": "030d79750b6921bd02944269e68363e9",
    "content-hash": "1fe6eccf76804ab9fe8fc43d112f4381",
    "packages": [
        {
            "name": "ftlabs/fastclick",
            "version": "1.0.6",
            "source": {
                "type": "git",
                "url": "https://github.com/ftlabs/fastclick",
                "reference": "master"
            },
            "type": "library"
        }
    ],
    "packages-dev": [],
    "aliases": [],
    "minimum-stability": "stable",
    "stability-flags": [],
    "prefer-stable": false,
    "prefer-lowest": false,
    "platform": [],
    "platform-dev": []
}
