uuid: 0a8aba44-8aaa-48cc-834e-6e7f38278157
langcode: en
status: true
dependencies:
  module:
    - dcamp
  theme:
    - dcamp_2017_landing_theme
id: landinginfowithcountdownblock
theme: dcamp_2017_landing_theme
region: region_1
weight: null
provider: null
plugin: dcamp_landing_info_with_countdown_block
settings:
  id: dcamp_landing_info_with_countdown_block
  label: 'Landing Info With Count Down Block'
  provider: dcamp
  label_display: '0'
  title: 'Short N Sweet'
  body: "<p>La Drupalcamp reúne durante un fin de semana a los mejores expertos del sector.</p>\r\n\r\n<p>El objetivo de la Drupal Camp es difundir y compartir las tendencias de la industria del desarrollo web en Drupal y sirve como punto de encuentro para la comunidad española.</p>"
visibility: {  }
